
Microsoft Visual Studio Solution File, Format Version 12.00
# Visual Studio Version 17
VisualStudioVersion = 17.0.31903.59
MinimumVisualStudioVersion = 10.0.40219.1
Project("{9A19103F-16F7-4668-BE54-9A1E7A4F7556}") = "eProdaja", "eProdaja\eProdaja.csproj", "{ABFFDC13-D332-412E-8B74-0521ED21F4E8}"
EndProject
Project("{9A19103F-16F7-4668-BE54-9A1E7A4F7556}") = "eProdaja.Model", "eProdaja.Model\eProdaja.Model.csproj", "{6F969B8A-88A6-40C0-B8D2-F2AE60BC10E5}"
EndProject
Project("{9A19103F-16F7-4668-BE54-9A1E7A4F7556}") = "eProdaja.Services", "eProdaja.Services\eProdaja.Services.csproj", "{C5074C35-40A1-44AC-B30D-44EBA06E0DAA}"
EndProject
Project("{FAE04EC0-301F-11D3-BF4B-00C04F79EFBC}") = "eProdaja.Subscriber", "eProdaja.Subscriber\eProdaja.Subscriber.csproj", "{296C0CB7-A8C8-42A5-9490-63C385266AE8}"
EndProject
Global
	GlobalSection(SolutionConfigurationPlatforms) = preSolution
		Debug|Any CPU = Debug|Any CPU
		Release|Any CPU = Release|Any CPU
	EndGlobalSection
	GlobalSection(ProjectConfigurationPlatforms) = postSolution
		{ABFFDC13-D332-412E-8B74-0521ED21F4E8}.Debug|Any CPU.ActiveCfg = Debug|Any CPU
		{ABFFDC13-D332-412E-8B74-0521ED21F4E8}.Debug|Any CPU.Build.0 = Debug|Any CPU
		{ABFFDC13-D332-412E-8B74-0521ED21F4E8}.Release|Any CPU.ActiveCfg = Release|Any CPU
		{ABFFDC13-D332-412E-8B74-0521ED21F4E8}.Release|Any CPU.Build.0 = Release|Any CPU
		{6F969B8A-88A6-40C0-B8D2-F2AE60BC10E5}.Debug|Any CPU.ActiveCfg = Debug|Any CPU
		{6F969B8A-88A6-40C0-B8D2-F2AE60BC10E5}.Debug|Any CPU.Build.0 = Debug|Any CPU
		{6F969B8A-88A6-40C0-B8D2-F2AE60BC10E5}.Release|Any CPU.ActiveCfg = Release|Any CPU
		{6F969B8A-88A6-40C0-B8D2-F2AE60BC10E5}.Release|Any CPU.Build.0 = Release|Any CPU
		{C5074C35-40A1-44AC-B30D-44EBA06E0DAA}.Debug|Any CPU.ActiveCfg = Debug|Any CPU
		{C5074C35-40A1-44AC-B30D-44EBA06E0DAA}.Debug|Any CPU.Build.0 = Debug|Any CPU
		{C5074C35-40A1-44AC-B30D-44EBA06E0DAA}.Release|Any CPU.ActiveCfg = Release|Any CPU
		{C5074C35-40A1-44AC-B30D-44EBA06E0DAA}.Release|Any CPU.Build.0 = Release|Any CPU
		{296C0CB7-A8C8-42A5-9490-63C385266AE8}.Debug|Any CPU.ActiveCfg = Debug|Any CPU
		{296C0CB7-A8C8-42A5-9490-63C385266AE8}.Debug|Any CPU.Build.0 = Debug|Any CPU
		{296C0CB7-A8C8-42A5-9490-63C385266AE8}.Release|Any CPU.ActiveCfg = Release|Any CPU
		{296C0CB7-A8C8-42A5-9490-63C385266AE8}.Release|Any CPU.Build.0 = Release|Any CPU
	EndGlobalSection
	GlobalSection(SolutionProperties) = preSolution
		HideSolutionNode = FALSE
	EndGlobalSection
	GlobalSection(ExtensibilityGlobals) = postSolution
		SolutionGuid = {403848B1-8258-4BF9-9E3B-B8D1614B66A0}
	EndGlobalSection
EndGlobal
